// !$*UTF8*$!
{
	archiveVersion = 1;
	classes = {
	};
	objectVersion = 48;
	objects = {

/* Begin PBXBuildFile section */
		CC2802862037FB3C00A599E0 /* AppDelegate.swift in Sources */ = {isa = PBXBuildFile; fileRef = CC2802852037FB3C00A599E0 /* AppDelegate.swift */; };
		CC2802882037FB3C00A599E0 /* ViewController.swift in Sources */ = {isa = PBXBuildFile; fileRef = CC2802872037FB3C00A599E0 /* ViewController.swift */; };
		CC28028B2037FB3C00A599E0 /* Main.storyboard in Resources */ = {isa = PBXBuildFile; fileRef = CC2802892037FB3C00A599E0 /* Main.storyboard */; };
		CC28028D2037FB3C00A599E0 /* Assets.xcassets in Resources */ = {isa = PBXBuildFile; fileRef = CC28028C2037FB3C00A599E0 /* Assets.xcassets */; };
		CC2802902037FB3C00A599E0 /* LaunchScreen.storyboard in Resources */ = {isa = PBXBuildFile; fileRef = CC28028E2037FB3C00A599E0 /* LaunchScreen.storyboard */; };
		CC28029B2037FB3C00A599E0 /* HopifyTests.swift in Sources */ = {isa = PBXBuildFile; fileRef = CC28029A2037FB3C00A599E0 /* HopifyTests.swift */; };
		CC2802A62037FB3C00A599E0 /* HopifyUITests.swift in Sources */ = {isa = PBXBuildFile; fileRef = CC2802A52037FB3C00A599E0 /* HopifyUITests.swift */; };
/* End PBXBuildFile section */

/* Begin PBXContainerItemProxy section */
		CC2802972037FB3C00A599E0 /* PBXContainerItemProxy */ = {
			isa = PBXContainerItemProxy;
			containerPortal = CC28027A2037FB3C00A599E0 /* Project object */;
			proxyType = 1;
			remoteGlobalIDString = CC2802812037FB3C00A599E0;
			remoteInfo = Hopify;
		};
		CC2802A22037FB3C00A599E0 /* PBXContainerItemProxy */ = {
			isa = PBXContainerItemProxy;
			containerPortal = CC28027A2037FB3C00A599E0 /* Project object */;
			proxyType = 1;
			remoteGlobalIDString = CC2802812037FB3C00A599E0;
			remoteInfo = Hopify;
		};
/* End PBXContainerItemProxy section */

/* Begin PBXFileReference section */
		CC2802822037FB3C00A599E0 /* Hopify.app */ = {isa = PBXFileReference; explicitFileType = wrapper.application; includeInIndex = 0; path = Hopify.app; sourceTree = BUILT_PRODUCTS_DIR; };
		CC2802852037FB3C00A599E0 /* AppDelegate.swift */ = {isa = PBXFileReference; lastKnownFileType = sourcecode.swift; path = AppDelegate.swift; sourceTree = "<group>"; };
		CC2802872037FB3C00A599E0 /* ViewController.swift */ = {isa = PBXFileReference; lastKnownFileType = sourcecode.swift; path = ViewController.swift; sourceTree = "<group>"; };
		CC28028A2037FB3C00A599E0 /* Base */ = {isa = PBXFileReference; lastKnownFileType = file.storyboard; name = Base; path = Base.lproj/Main.storyboard; sourceTree = "<group>"; };
		CC28028C2037FB3C00A599E0 /* Assets.xcassets */ = {isa = PBXFileReference; lastKnownFileType = folder.assetcatalog; path = Assets.xcassets; sourceTree = "<group>"; };
		CC28028F2037FB3C00A599E0 /* Base */ = {isa = PBXFileReference; lastKnownFileType = file.storyboard; name = Base; path = Base.lproj/LaunchScreen.storyboard; sourceTree = "<group>"; };
		CC2802912037FB3C00A599E0 /* Info.plist */ = {isa = PBXFileReference; lastKnownFileType = text.plist.xml; path = Info.plist; sourceTree = "<group>"; };
		CC2802962037FB3C00A599E0 /* HopifyTests.xctest */ = {isa = PBXFileReference; explicitFileType = wrapper.cfbundle; includeInIndex = 0; path = HopifyTests.xctest; sourceTree = BUILT_PRODUCTS_DIR; };
		CC28029A2037FB3C00A599E0 /* HopifyTests.swift */ = {isa = PBXFileReference; lastKnownFileType = sourcecode.swift; path = HopifyTests.swift; sourceTree = "<group>"; };
		CC28029C2037FB3C00A599E0 /* Info.plist */ = {isa = PBXFileReference; lastKnownFileType = text.plist.xml; path = Info.plist; sourceTree = "<group>"; };
		CC2802A12037FB3C00A599E0 /* HopifyUITests.xctest */ = {isa = PBXFileReference; explicitFileType = wrapper.cfbundle; includeInIndex = 0; path = HopifyUITests.xctest; sourceTree = BUILT_PRODUCTS_DIR; };
		CC2802A52037FB3C00A599E0 /* HopifyUITests.swift */ = {isa = PBXFileReference; lastKnownFileType = sourcecode.swift; path = HopifyUITests.swift; sourceTree = "<group>"; };
		CC2802A72037FB3C00A599E0 /* Info.plist */ = {isa = PBXFileReference; lastKnownFileType = text.plist.xml; path = Info.plist; sourceTree = "<group>"; };
/* End PBXFileReference section */

/* Begin PBXFrameworksBuildPhase section */
		CC28027F2037FB3C00A599E0 /* Frameworks */ = {
			isa = PBXFrameworksBuildPhase;
			buildActionMask = 2147483647;
			files = (
			);
			runOnlyForDeploymentPostprocessing = 0;
		};
		CC2802932037FB3C00A599E0 /* Frameworks */ = {
			isa = PBXFrameworksBuildPhase;
			buildActionMask = 2147483647;
			files = (
			);
			runOnlyForDeploymentPostprocessing = 0;
		};
		CC28029E2037FB3C00A599E0 /* Frameworks */ = {
			isa = PBXFrameworksBuildPhase;
			buildActionMask = 2147483647;
			files = (
			);
			runOnlyForDeploymentPostprocessing = 0;
		};
/* End PBXFrameworksBuildPhase section */

/* Begin PBXGroup section */
		CC2802792037FB3C00A599E0 = {
			isa = PBXGroup;
			children = (
				CC2802842037FB3C00A599E0 /* Hopify */,
				CC2802992037FB3C00A599E0 /* HopifyTests */,
				CC2802A42037FB3C00A599E0 /* HopifyUITests */,
				CC2802832037FB3C00A599E0 /* Products */,
			);
			sourceTree = "<group>";
		};
		CC2802832037FB3C00A599E0 /* Products */ = {
			isa = PBXGroup;
			children = (
				CC2802822037FB3C00A599E0 /* Hopify.app */,
				CC2802962037FB3C00A599E0 /* HopifyTests.xctest */,
				CC2802A12037FB3C00A599E0 /* HopifyUITests.xctest */,
			);
			name = Products;
			sourceTree = "<group>";
		};
		CC2802842037FB3C00A599E0 /* Hopify */ = {
			isa = PBXGroup;
			children = (
				CC2802852037FB3C00A599E0 /* AppDelegate.swift */,
				CC2802872037FB3C00A599E0 /* ViewController.swift */,
				CC2802892037FB3C00A599E0 /* Main.storyboard */,
				CC28028C2037FB3C00A599E0 /* Assets.xcassets */,
				CC28028E2037FB3C00A599E0 /* LaunchScreen.storyboard */,
				CC2802912037FB3C00A599E0 /* Info.plist */,
			);
			path = Hopify;
			sourceTree = "<group>";
		};
		CC2802992037FB3C00A599E0 /* HopifyTests */ = {
			isa = PBXGroup;
			children = (
				CC28029A2037FB3C00A599E0 /* HopifyTests.swift */,
				CC28029C2037FB3C00A599E0 /* Info.plist */,
			);
			path = HopifyTests;
			sourceTree = "<group>";
		};
		CC2802A42037FB3C00A599E0 /* HopifyUITests */ = {
			isa = PBXGroup;
			children = (
				CC2802A52037FB3C00A599E0 /* HopifyUITests.swift */,
				CC2802A72037FB3C00A599E0 /* Info.plist */,
			);
			path = HopifyUITests;
			sourceTree = "<group>";
		};
/* End PBXGroup section */

/* Begin PBXNativeTarget section */
		CC2802812037FB3C00A599E0 /* Hopify */ = {
			isa = PBXNativeTarget;
			buildConfigurationList = CC2802AA2037FB3C00A599E0 /* Build configuration list for PBXNativeTarget "Hopify" */;
			buildPhases = (
				CC28027E2037FB3C00A599E0 /* Sources */,
				CC28027F2037FB3C00A599E0 /* Frameworks */,
				CC2802802037FB3C00A599E0 /* Resources */,
			);
			buildRules = (
			);
			dependencies = (
			);
			name = Hopify;
			productName = Hopify;
			productReference = CC2802822037FB3C00A599E0 /* Hopify.app */;
			productType = "com.apple.product-type.application";
		};
		CC2802952037FB3C00A599E0 /* HopifyTests */ = {
			isa = PBXNativeTarget;
			buildConfigurationList = CC2802AD2037FB3C00A599E0 /* Build configuration list for PBXNativeTarget "HopifyTests" */;
			buildPhases = (
				CC2802922037FB3C00A599E0 /* Sources */,
				CC2802932037FB3C00A599E0 /* Frameworks */,
				CC2802942037FB3C00A599E0 /* Resources */,
			);
			buildRules = (
			);
			dependencies = (
				CC2802982037FB3C00A599E0 /* PBXTargetDependency */,
			);
			name = HopifyTests;
			productName = HopifyTests;
			productReference = CC2802962037FB3C00A599E0 /* HopifyTests.xctest */;
			productType = "com.apple.product-type.bundle.unit-test";
		};
		CC2802A02037FB3C00A599E0 /* HopifyUITests */ = {
			isa = PBXNativeTarget;
			buildConfigurationList = CC2802B02037FB3C00A599E0 /* Build configuration list for PBXNativeTarget "HopifyUITests" */;
			buildPhases = (
				CC28029D2037FB3C00A599E0 /* Sources */,
				CC28029E2037FB3C00A599E0 /* Frameworks */,
				CC28029F2037FB3C00A599E0 /* Resources */,
			);
			buildRules = (
			);
			dependencies = (
				CC2802A32037FB3C00A599E0 /* PBXTargetDependency */,
			);
			name = HopifyUITests;
			productName = HopifyUITests;
			productReference = CC2802A12037FB3C00A599E0 /* HopifyUITests.xctest */;
			productType = "com.apple.product-type.bundle.ui-testing";
		};
/* End PBXNativeTarget section */

/* Begin PBXProject section */
		CC28027A2037FB3C00A599E0 /* Project object */ = {
			isa = PBXProject;
			attributes = {
				LastSwiftUpdateCheck = 0920;
				LastUpgradeCheck = 0920;
				ORGANIZATIONNAME = "Bart Chrzaszcz";
				TargetAttributes = {
					CC2802812037FB3C00A599E0 = {
						CreatedOnToolsVersion = 9.2;
						ProvisioningStyle = Automatic;
					};
					CC2802952037FB3C00A599E0 = {
						CreatedOnToolsVersion = 9.2;
						ProvisioningStyle = Automatic;
						TestTargetID = CC2802812037FB3C00A599E0;
					};
					CC2802A02037FB3C00A599E0 = {
						CreatedOnToolsVersion = 9.2;
						ProvisioningStyle = Automatic;
						TestTargetID = CC2802812037FB3C00A599E0;
					};
				};
			};
			buildConfigurationList = CC28027D2037FB3C00A599E0 /* Build configuration list for PBXProject "Hopify" */;
			compatibilityVersion = "Xcode 8.0";
			developmentRegion = en;
			hasScannedForEncodings = 0;
			knownRegions = (
				en,
				Base,
			);
			mainGroup = CC2802792037FB3C00A599E0;
			productRefGroup = CC2802832037FB3C00A599E0 /* Products */;
			projectDirPath = "";
			projectRoot = "";
			targets = (
				CC2802812037FB3C00A599E0 /* Hopify */,
				CC2802952037FB3C00A599E0 /* HopifyTests */,
				CC2802A02037FB3C00A599E0 /* HopifyUITests */,
			);
		};
/* End PBXProject section */

/* Begin PBXResourcesBuildPhase section */
		CC2802802037FB3C00A599E0 /* Resources */ = {
			isa = PBXResourcesBuildPhase;
			buildActionMask = 2147483647;
			files = (
				CC2802902037FB3C00A599E0 /* LaunchScreen.storyboard in Resources */,
				CC28028D2037FB3C00A599E0 /* Assets.xcassets in Resources */,
				CC28028B2037FB3C00A599E0 /* Main.storyboard in Resources */,
			);
			runOnlyForDeploymentPostprocessing = 0;
		};
		CC2802942037FB3C00A599E0 /* Resources */ = {
			isa = PBXResourcesBuildPhase;
			buildActionMask = 2147483647;
			files = (
			);
			runOnlyForDeploymentPostprocessing = 0;
		};
		CC28029F2037FB3C00A599E0 /* Resources */ = {
			isa = PBXResourcesBuildPhase;
			buildActionMask = 2147483647;
			files = (
			);
			runOnlyForDeploymentPostprocessing = 0;
		};
/* End PBXResourcesBuildPhase section */

/* Begin PBXSourcesBuildPhase section */
		CC28027E2037FB3C00A599E0 /* Sources */ = {
			isa = PBXSourcesBuildPhase;
			buildActionMask = 2147483647;
			files = (
				CC2802882037FB3C00A599E0 /* ViewController.swift in Sources */,
				CC2802862037FB3C00A599E0 /* AppDelegate.swift in Sources */,
			);
			runOnlyForDeploymentPostprocessing = 0;
		};
		CC2802922037FB3C00A599E0 /* Sources */ = {
			isa = PBXSourcesBuildPhase;
			buildActionMask = 2147483647;
			files = (
				CC28029B2037FB3C00A599E0 /* HopifyTests.swift in Sources */,
			);
			runOnlyForDeploymentPostprocessing = 0;
		};
		CC28029D2037FB3C00A599E0 /* Sources */ = {
			isa = PBXSourcesBuildPhase;
			buildActionMask = 2147483647;
			files = (
				CC2802A62037FB3C00A599E0 /* HopifyUITests.swift in Sources */,
			);
			runOnlyForDeploymentPostprocessing = 0;
		};
/* End PBXSourcesBuildPhase section */

/* Begin PBXTargetDependency section */
		CC2802982037FB3C00A599E0 /* PBXTargetDependency */ = {
			isa = PBXTargetDependency;
			target = CC2802812037FB3C00A599E0 /* Hopify */;
			targetProxy = CC2802972037FB3C00A599E0 /* PBXContainerItemProxy */;
		};
		CC2802A32037FB3C00A599E0 /* PBXTargetDependency */ = {
			isa = PBXTargetDependency;
			target = CC2802812037FB3C00A599E0 /* Hopify */;
			targetProxy = CC2802A22037FB3C00A599E0 /* PBXContainerItemProxy */;
		};
/* End PBXTargetDependency section */

/* Begin PBXVariantGroup section */
		CC2802892037FB3C00A599E0 /* Main.storyboard */ = {
			isa = PBXVariantGroup;
			children = (
				CC28028A2037FB3C00A599E0 /* Base */,
			);
			name = Main.storyboard;
			sourceTree = "<group>";
		};
		CC28028E2037FB3C00A599E0 /* LaunchScreen.storyboard */ = {
			isa = PBXVariantGroup;
			children = (
				CC28028F2037FB3C00A599E0 /* Base */,
			);
			name = LaunchScreen.storyboard;
			sourceTree = "<group>";
		};
/* End PBXVariantGroup section */

/* Begin XCBuildConfiguration section */
		CC2802A82037FB3C00A599E0 /* Debug */ = {
			isa = XCBuildConfiguration;
			buildSettings = {
				ALWAYS_SEARCH_USER_PATHS = NO;
				CLANG_ANALYZER_NONNULL = YES;
				CLANG_ANALYZER_NUMBER_OBJECT_CONVERSION = YES_AGGRESSIVE;
				CLANG_CXX_LANGUAGE_STANDARD = "gnu++14";
				CLANG_CXX_LIBRARY = "libc++";
				CLANG_ENABLE_MODULES = YES;
				CLANG_ENABLE_OBJC_ARC = YES;
				CLANG_WARN_BLOCK_CAPTURE_AUTORELEASING = YES;
				CLANG_WARN_BOOL_CONVERSION = YES;
				CLANG_WARN_COMMA = YES;
				CLANG_WARN_CONSTANT_CONVERSION = YES;
				CLANG_WARN_DIRECT_OBJC_ISA_USAGE = YES_ERROR;
				CLANG_WARN_DOCUMENTATION_COMMENTS = YES;
				CLANG_WARN_EMPTY_BODY = YES;
				CLANG_WARN_ENUM_CONVERSION = YES;
				CLANG_WARN_INFINITE_RECURSION = YES;
				CLANG_WARN_INT_CONVERSION = YES;
				CLANG_WARN_NON_LITERAL_NULL_CONVERSION = YES;
				CLANG_WARN_OBJC_LITERAL_CONVERSION = YES;
				CLANG_WARN_OBJC_ROOT_CLASS = YES_ERROR;
				CLANG_WARN_RANGE_LOOP_ANALYSIS = YES;
				CLANG_WARN_STRICT_PROTOTYPES = YES;
				CLANG_WARN_SUSPICIOUS_MOVE = YES;
				CLANG_WARN_UNGUARDED_AVAILABILITY = YES_AGGRESSIVE;
				CLANG_WARN_UNREACHABLE_CODE = YES;
				CLANG_WARN__DUPLICATE_METHOD_MATCH = YES;
				CODE_SIGN_IDENTITY = "iPhone Developer";
				COPY_PHASE_STRIP = NO;
				DEBUG_INFORMATION_FORMAT = dwarf;
				ENABLE_STRICT_OBJC_MSGSEND = YES;
				ENABLE_TESTABILITY = YES;
				GCC_C_LANGUAGE_STANDARD = gnu11;
				GCC_DYNAMIC_NO_PIC = NO;
				GCC_NO_COMMON_BLOCKS = YES;
				GCC_OPTIMIZATION_LEVEL = 0;
				GCC_PREPROCESSOR_DEFINITIONS = (
					"DEBUG=1",
					"$(inherited)",
				);
				GCC_WARN_64_TO_32_BIT_CONVERSION = YES;
				GCC_WARN_ABOUT_RETURN_TYPE = YES_ERROR;
				GCC_WARN_UNDECLARED_SELECTOR = YES;
				GCC_WARN_UNINITIALIZED_AUTOS = YES_AGGRESSIVE;
				GCC_WARN_UNUSED_FUNCTION = YES;
				GCC_WARN_UNUSED_VARIABLE = YES;
				IPHONEOS_DEPLOYMENT_TARGET = 11.2;
				MTL_ENABLE_DEBUG_INFO = YES;
				ONLY_ACTIVE_ARCH = YES;
				SDKROOT = iphoneos;
				SWIFT_ACTIVE_COMPILATION_CONDITIONS = DEBUG;
				SWIFT_OPTIMIZATION_LEVEL = "-Onone";
			};
			name = Debug;
		};
		CC2802A92037FB3C00A599E0 /* Release */ = {
			isa = XCBuildConfiguration;
			buildSettings = {
				ALWAYS_SEARCH_USER_PATHS = NO;
				CLANG_ANALYZER_NONNULL = YES;
				CLANG_ANALYZER_NUMBER_OBJECT_CONVERSION = YES_AGGRESSIVE;
				CLANG_CXX_LANGUAGE_STANDARD = "gnu++14";
				CLANG_CXX_LIBRARY = "libc++";
				CLANG_ENABLE_MODULES = YES;
				CLANG_ENABLE_OBJC_ARC = YES;
				CLANG_WARN_BLOCK_CAPTURE_AUTORELEASING = YES;
				CLANG_WARN_BOOL_CONVERSION = YES;
				CLANG_WARN_COMMA = YES;
				CLANG_WARN_CONSTANT_CONVERSION = YES;
				CLANG_WARN_DIRECT_OBJC_ISA_USAGE = YES_ERROR;
				CLANG_WARN_DOCUMENTATION_COMMENTS = YES;
				CLANG_WARN_EMPTY_BODY = YES;
				CLANG_WARN_ENUM_CONVERSION = YES;
				CLANG_WARN_INFINITE_RECURSION = YES;
				CLANG_WARN_INT_CONVERSION = YES;
				CLANG_WARN_NON_LITERAL_NULL_CONVERSION = YES;
				CLANG_WARN_OBJC_LITERAL_CONVERSION = YES;
				CLANG_WARN_OBJC_ROOT_CLASS = YES_ERROR;
				CLANG_WARN_RANGE_LOOP_ANALYSIS = YES;
				CLANG_WARN_STRICT_PROTOTYPES = YES;
				CLANG_WARN_SUSPICIOUS_MOVE = YES;
				CLANG_WARN_UNGUARDED_AVAILABILITY = YES_AGGRESSIVE;
				CLANG_WARN_UNREACHABLE_CODE = YES;
				CLANG_WARN__DUPLICATE_METHOD_MATCH = YES;
				CODE_SIGN_IDENTITY = "iPhone Developer";
				COPY_PHASE_STRIP = NO;
				DEBUG_INFORMATION_FORMAT = "dwarf-with-dsym";
				ENABLE_NS_ASSERTIONS = NO;
				ENABLE_STRICT_OBJC_MSGSEND = YES;
				GCC_C_LANGUAGE_STANDARD = gnu11;
				GCC_NO_COMMON_BLOCKS = YES;
				GCC_WARN_64_TO_32_BIT_CONVERSION = YES;
				GCC_WARN_ABOUT_RETURN_TYPE = YES_ERROR;
				GCC_WARN_UNDECLARED_SELECTOR = YES;
				GCC_WARN_UNINITIALIZED_AUTOS = YES_AGGRESSIVE;
				GCC_WARN_UNUSED_FUNCTION = YES;
				GCC_WARN_UNUSED_VARIABLE = YES;
				IPHONEOS_DEPLOYMENT_TARGET = 11.2;
				MTL_ENABLE_DEBUG_INFO = NO;
				SDKROOT = iphoneos;
				SWIFT_OPTIMIZATION_LEVEL = "-Owholemodule";
				VALIDATE_PRODUCT = YES;
			};
			name = Release;
		};
		CC2802AB2037FB3C00A599E0 /* Debug */ = {
			isa = XCBuildConfiguration;
			buildSettings = {
				ASSETCATALOG_COMPILER_APPICON_NAME = AppIcon;
				CODE_SIGN_STYLE = Automatic;
				DEVELOPMENT_TEAM = CE3VTACW36;
				INFOPLIST_FILE = Hopify/Info.plist;
				LD_RUNPATH_SEARCH_PATHS = "$(inherited) @executable_path/Frameworks";
				PRODUCT_BUNDLE_IDENTIFIER = bart.co.Hopify;
				PRODUCT_NAME = "$(TARGET_NAME)";
				SWIFT_VERSION = 4.0;
				TARGETED_DEVICE_FAMILY = "1,2";
			};
			name = Debug;
		};
		CC2802AC2037FB3C00A599E0 /* Release */ = {
			isa = XCBuildConfiguration;
			buildSettings = {
				ASSETCATALOG_COMPILER_APPICON_NAME = AppIcon;
				CODE_SIGN_STYLE = Automatic;
				DEVELOPMENT_TEAM = CE3VTACW36;
				INFOPLIST_FILE = Hopify/Info.plist;
				LD_RUNPATH_SEARCH_PATHS = "$(inherited) @executable_path/Frameworks";
				PRODUCT_BUNDLE_IDENTIFIER = bart.co.Hopify;
				PRODUCT_NAME = "$(TARGET_NAME)";
				SWIFT_VERSION = 4.0;
				TARGETED_DEVICE_FAMILY = "1,2";
			};
			name = Release;
		};
		CC2802AE2037FB3C00A599E0 /* Debug */ = {
			isa = XCBuildConfiguration;
			buildSettings = {
				ALWAYS_EMBED_SWIFT_STANDARD_LIBRARIES = YES;
				BUNDLE_LOADER = "$(TEST_HOST)";
				CODE_SIGN_STYLE = Automatic;
				DEVELOPMENT_TEAM = CE3VTACW36;
				INFOPLIST_FILE = HopifyTests/Info.plist;
				LD_RUNPATH_SEARCH_PATHS = "$(inherited) @executable_path/Frameworks @loader_path/Frameworks";
				PRODUCT_BUNDLE_IDENTIFIER = bart.co.HopifyTests;
				PRODUCT_NAME = "$(TARGET_NAME)";
				SWIFT_VERSION = 4.0;
				TARGETED_DEVICE_FAMILY = "1,2";
				TEST_HOST = "$(BUILT_PRODUCTS_DIR)/Hopify.app/Hopify";
			};
			name = Debug;
		};
		CC2802AF2037FB3C00A599E0 /* Release */ = {
			isa = XCBuildConfiguration;
			buildSettings = {
				ALWAYS_EMBED_SWIFT_STANDARD_LIBRARIES = YES;
				BUNDLE_LOADER = "$(TEST_HOST)";
				CODE_SIGN_STYLE = Automatic;
				DEVELOPMENT_TEAM = CE3VTACW36;
				INFOPLIST_FILE = HopifyTests/Info.plist;
				LD_RUNPATH_SEARCH_PATHS = "$(inherited) @executable_path/Frameworks @loader_path/Frameworks";
				PRODUCT_BUNDLE_IDENTIFIER = bart.co.HopifyTests;
				PRODUCT_NAME = "$(TARGET_NAME)";
				SWIFT_VERSION = 4.0;
				TARGETED_DEVICE_FAMILY = "1,2";
				TEST_HOST = "$(BUILT_PRODUCTS_DIR)/Hopify.app/Hopify";
			};
			name = Release;
		};
		CC2802B12037FB3C00A599E0 /* Debug */ = {
			isa = XCBuildConfiguration;
			buildSettings = {
				ALWAYS_EMBED_SWIFT_STANDARD_LIBRARIES = YES;
				CODE_SIGN_STYLE = Automatic;
				DEVELOPMENT_TEAM = CE3VTACW36;
				INFOPLIST_FILE = HopifyUITests/Info.plist;
				LD_RUNPATH_SEARCH_PATHS = "$(inherited) @executable_path/Frameworks @loader_path/Frameworks";
				PRODUCT_BUNDLE_IDENTIFIER = bart.co.HopifyUITests;
				PRODUCT_NAME = "$(TARGET_NAME)";
				SWIFT_VERSION = 4.0;
				TARGETED_DEVICE_FAMILY = "1,2";
				TEST_TARGET_NAME = Hopify;
			};
			name = Debug;
		};
		CC2802B22037FB3C00A599E0 /* Release */ = {
			isa = XCBuildConfiguration;
			buildSettings = {
				ALWAYS_EMBED_SWIFT_STANDARD_LIBRARIES = YES;
				CODE_SIGN_STYLE = Automatic;
				DEVELOPMENT_TEAM = CE3VTACW36;
				INFOPLIST_FILE = HopifyUITests/Info.plist;
				LD_RUNPATH_SEARCH_PATHS = "$(inherited) @executable_path/Frameworks @loader_path/Frameworks";
				PRODUCT_BUNDLE_IDENTIFIER = bart.co.HopifyUITests;
				PRODUCT_NAME = "$(TARGET_NAME)";
				SWIFT_VERSION = 4.0;
				TARGETED_DEVICE_FAMILY = "1,2";
				TEST_TARGET_NAME = Hopify;
			};
			name = Release;
		};
/* End XCBuildConfiguration section */

/* Begin XCConfigurationList section */
		CC28027D2037FB3C00A599E0 /* Build configuration list for PBXProject "Hopify" */ = {
			isa = XCConfigurationList;
			buildConfigurations = (
				CC2802A82037FB3C00A599E0 /* Debug */,
				CC2802A92037FB3C00A599E0 /* Release */,
			);
			defaultConfigurationIsVisible = 0;
			defaultConfigurationName = Release;
		};
		CC2802AA2037FB3C00A599E0 /* Build configuration list for PBXNativeTarget "Hopify" */ = {
			isa = XCConfigurationList;
			buildConfigurations = (
				CC2802AB2037FB3C00A599E0 /* Debug */,
				CC2802AC2037FB3C00A599E0 /* Release */,
			);
			defaultConfigurationIsVisible = 0;
			defaultConfigurationName = Release;
		};
		CC2802AD2037FB3C00A599E0 /* Build configuration list for PBXNativeTarget "HopifyTests" */ = {
			isa = XCConfigurationList;
			buildConfigurations = (
				CC2802AE2037FB3C00A599E0 /* Debug */,
				CC2802AF2037FB3C00A599E0 /* Release */,
			);
			defaultConfigurationIsVisible = 0;
			defaultConfigurationName = Release;
		};
		CC2802B02037FB3C00A599E0 /* Build configuration list for PBXNativeTarget "HopifyUITests" */ = {
			isa = XCConfigurationList;
			buildConfigurations = (
				CC2802B12037FB3C00A599E0 /* Debug */,
				CC2802B22037FB3C00A599E0 /* Release */,
			);
			defaultConfigurationIsVisible = 0;
			defaultConfigurationName = Release;
		};
/* End XCConfigurationList section */
	};
	rootObject = CC28027A2037FB3C00A599E0 /* Project object */;
}
